
Microsoft Visual Studio Solution File, Format Version 12.00
# Visual Studio Version 16
VisualStudioVersion = 16.0.30804.86
MinimumVisualStudioVersion = 10.0.40219.1
Project("{FAE04EC0-301F-11D3-BF4B-00C04F79EFBC}") = "ConsoleApplication", "ConsoleApplication\ConsoleApplication.csproj", "{4A4191BD-DB88-41B4-89BA-95296A289CE3}"
EndProject
Global
	GlobalSection(SolutionConfigurationPlatforms) = preSolution
		Debug|Any CPU = Debug|Any CPU
		Release|Any CPU = Release|Any CPU
	EndGlobalSection
	GlobalSection(ProjectConfigurationPlatforms) = postSolution
		{4A4191BD-DB88-41B4-89BA-95296A289CE3}.Debug|Any CPU.ActiveCfg = Debug|Any CPU
		{4A4191BD-DB88-41B4-89BA-95296A289CE3}.Debug|Any CPU.Build.0 = Debug|Any CPU
		{4A4191BD-DB88-41B4-89BA-95296A289CE3}.Release|Any CPU.ActiveCfg = Release|Any CPU
		{4A4191BD-DB88-41B4-89BA-95296A289CE3}.Release|Any CPU.Build.0 = Release|Any CPU
	EndGlobalSection
	GlobalSection(SolutionProperties) = preSolution
		HideSolutionNode = FALSE
	EndGlobalSection
	GlobalSection(ExtensibilityGlobals) = postSolution
		SolutionGuid = {55DBC528-621C-4AC2-B3BB-01C732236F2C}
	EndGlobalSection
EndGlobal
